{
  "requires": true,
  "lockfileVersion": 1,
  "dependencies": {
    "ng-image-slider": {
      "version": "2.8.0",
      "resolved": "https://registry.npmjs.org/ng-image-slider/-/ng-image-slider-2.8.0.tgz",
      "integrity": "sha512-k5ypvdxUfppPBTYCfUVn2nuinGnHdnvarfcrnbH8OX91QFWb49/dH57n8K4KUJ0s/ecDXOk/Jm9gZo6uZGas5w==",
      "requires": {
        "tslib": "^1.10.0"
      }
    },
    "tslib": {
      "version": "1.14.1",
      "resolved": "https://registry.npmjs.org/tslib/-/tslib-1.14.1.tgz",
      "integrity": "sha512-Xni35NKzjgMrwevysHTCArtLDpPvye8zV/0E4EyYn43P7/7qvQwPh9BGkHewbMulVntbigmcT7rdX3BNo9wRJg=="
    }
  }
}
